
Microsoft Visual Studio Solution File, Format Version 12.00
# Visual Studio 15
VisualStudioVersion = 15.0.28010.2026
MinimumVisualStudioVersion = 10.0.40219.1
Project("{9A19103F-16F7-4668-BE54-9A1E7A4F7556}") = "KnockKnock.Web.Api", "KnockKnock.Web.Api\KnockKnock.Web.Api.csproj", "{DC68947C-105B-45C5-9E8E-EF582B6384A0}"
EndProject
Project("{9A19103F-16F7-4668-BE54-9A1E7A4F7556}") = "KnockKnock.Web.Services", "KnockKnock.Web.Services\KnockKnock.Web.Services.csproj", "{1D3E1705-BF49-4270-803E-D36237D554DB}"
EndProject
Project("{9A19103F-16F7-4668-BE54-9A1E7A4F7556}") = "KnockKnock.Web.Service.UnitTests", "KnockKnock.Web.Service.UnitTests\KnockKnock.Web.Service.UnitTests.csproj", "{2652D6AA-62B3-4046-8469-C3669E6E0E7F}"
EndProject
Global
	GlobalSection(SolutionConfigurationPlatforms) = preSolution
		Debug|Any CPU = Debug|Any CPU
		Release|Any CPU = Release|Any CPU
	EndGlobalSection
	GlobalSection(ProjectConfigurationPlatforms) = postSolution
		{DC68947C-105B-45C5-9E8E-EF582B6384A0}.Debug|Any CPU.ActiveCfg = Debug|Any CPU
		{DC68947C-105B-45C5-9E8E-EF582B6384A0}.Debug|Any CPU.Build.0 = Debug|Any CPU
		{DC68947C-105B-45C5-9E8E-EF582B6384A0}.Release|Any CPU.ActiveCfg = Release|Any CPU
		{DC68947C-105B-45C5-9E8E-EF582B6384A0}.Release|Any CPU.Build.0 = Release|Any CPU
		{1D3E1705-BF49-4270-803E-D36237D554DB}.Debug|Any CPU.ActiveCfg = Debug|Any CPU
		{1D3E1705-BF49-4270-803E-D36237D554DB}.Debug|Any CPU.Build.0 = Debug|Any CPU
		{1D3E1705-BF49-4270-803E-D36237D554DB}.Release|Any CPU.ActiveCfg = Release|Any CPU
		{1D3E1705-BF49-4270-803E-D36237D554DB}.Release|Any CPU.Build.0 = Release|Any CPU
		{2652D6AA-62B3-4046-8469-C3669E6E0E7F}.Debug|Any CPU.ActiveCfg = Debug|Any CPU
		{2652D6AA-62B3-4046-8469-C3669E6E0E7F}.Debug|Any CPU.Build.0 = Debug|Any CPU
		{2652D6AA-62B3-4046-8469-C3669E6E0E7F}.Release|Any CPU.ActiveCfg = Release|Any CPU
		{2652D6AA-62B3-4046-8469-C3669E6E0E7F}.Release|Any CPU.Build.0 = Release|Any CPU
	EndGlobalSection
	GlobalSection(SolutionProperties) = preSolution
		HideSolutionNode = FALSE
	EndGlobalSection
	GlobalSection(ExtensibilityGlobals) = postSolution
		SolutionGuid = {96E883EC-74BF-4165-8B42-ED997D8EB084}
	EndGlobalSection
EndGlobal
